
Microsoft Visual Studio Solution File, Format Version 12.00
# Visual Studio Version 17
VisualStudioVersion = 17.5.002.0
MinimumVisualStudioVersion = 10.0.40219.1
Project("{9A19103F-16F7-4668-BE54-9A1E7A4F7556}") = "FlashForge", "FlashForge.csproj", "{DD420319-3225-49E8-AA7A-AA1F4D041D89}"
EndProject
Global
	GlobalSection(SolutionConfigurationPlatforms) = preSolution
		Debug|Any CPU = Debug|Any CPU
		Release|Any CPU = Release|Any CPU
	EndGlobalSection
	GlobalSection(ProjectConfigurationPlatforms) = postSolution
		{DD420319-3225-49E8-AA7A-AA1F4D041D89}.Debug|Any CPU.ActiveCfg = Debug|Any CPU
		{DD420319-3225-49E8-AA7A-AA1F4D041D89}.Debug|Any CPU.Build.0 = Debug|Any CPU
		{DD420319-3225-49E8-AA7A-AA1F4D041D89}.Release|Any CPU.ActiveCfg = Release|Any CPU
		{DD420319-3225-49E8-AA7A-AA1F4D041D89}.Release|Any CPU.Build.0 = Release|Any CPU
	EndGlobalSection
	GlobalSection(SolutionProperties) = preSolution
		HideSolutionNode = FALSE
	EndGlobalSection
	GlobalSection(ExtensibilityGlobals) = postSolution
		SolutionGuid = {99897C33-4ECB-48F5-8EC8-08D2C4AAB2D1}
	EndGlobalSection
EndGlobal
